
Microsoft Visual Studio Solution File, Format Version 12.00
# Visual Studio 15
VisualStudioVersion = 15.0.28010.2046
MinimumVisualStudioVersion = 10.0.40219.1
Project("{9A19103F-16F7-4668-BE54-9A1E7A4F7556}") = "GroupProjectBackend", "GroupProjectBackend\GroupProjectBackend.csproj", "{91375FFF-69A6-4354-89AF-5A1352441D52}"
EndProject
Project("{9A19103F-16F7-4668-BE54-9A1E7A4F7556}") = "GroupProjectBackend.Tests", "GroupProjectBackend.Tests\GroupProjectBackend.Tests.csproj", "{3E47D99D-A80B-4529-B655-EFBDAADC4F96}"
EndProject
Global
	GlobalSection(SolutionConfigurationPlatforms) = preSolution
		Debug|Any CPU = Debug|Any CPU
		Release|Any CPU = Release|Any CPU
	EndGlobalSection
	GlobalSection(ProjectConfigurationPlatforms) = postSolution
		{91375FFF-69A6-4354-89AF-5A1352441D52}.Debug|Any CPU.ActiveCfg = Debug|Any CPU
		{91375FFF-69A6-4354-89AF-5A1352441D52}.Debug|Any CPU.Build.0 = Debug|Any CPU
		{91375FFF-69A6-4354-89AF-5A1352441D52}.Release|Any CPU.ActiveCfg = Release|Any CPU
		{91375FFF-69A6-4354-89AF-5A1352441D52}.Release|Any CPU.Build.0 = Release|Any CPU
		{3E47D99D-A80B-4529-B655-EFBDAADC4F96}.Debug|Any CPU.ActiveCfg = Debug|Any CPU
		{3E47D99D-A80B-4529-B655-EFBDAADC4F96}.Debug|Any CPU.Build.0 = Debug|Any CPU
		{3E47D99D-A80B-4529-B655-EFBDAADC4F96}.Release|Any CPU.ActiveCfg = Release|Any CPU
		{3E47D99D-A80B-4529-B655-EFBDAADC4F96}.Release|Any CPU.Build.0 = Release|Any CPU
	EndGlobalSection
	GlobalSection(SolutionProperties) = preSolution
		HideSolutionNode = FALSE
	EndGlobalSection
	GlobalSection(ExtensibilityGlobals) = postSolution
		SolutionGuid = {E739E305-968E-47D7-BEC9-A7C385E56A8B}
	EndGlobalSection
EndGlobal
